// !$*UTF8*$!
{
	archiveVersion = 1;
	classes = {
	};
	objectVersion = 52;
	objects = {

/* Begin PBXBuildFile section */
		06A1A45591145692DA4F18C7 /* Pods_Coinone_iOS.framework in Frameworks */ = {isa = PBXBuildFile; fileRef = E0AB500236EDF60103A408AE /* Pods_Coinone_iOS.framework */; };
		922E2322264FB40300F8ADA7 /* GeoraesoVC.swift in Sources */ = {isa = PBXBuildFile; fileRef = 922E2321264FB40300F8ADA7 /* GeoraesoVC.swift */; };
		92C9EE8F2650314C00E73641 /* StockTVC.swift in Sources */ = {isa = PBXBuildFile; fileRef = 92C9EE8E2650314C00E73641 /* StockTVC.swift */; };
		92C9EE962650609300E73641 /* StockModel.swift in Sources */ = {isa = PBXBuildFile; fileRef = 92C9EE952650609300E73641 /* StockModel.swift */; };
		CCA0ECC6264FA7A4001CC563 /* AppDelegate.swift in Sources */ = {isa = PBXBuildFile; fileRef = CCA0ECC5264FA7A4001CC563 /* AppDelegate.swift */; };
		CCA0ECC8264FA7A4001CC563 /* SceneDelegate.swift in Sources */ = {isa = PBXBuildFile; fileRef = CCA0ECC7264FA7A4001CC563 /* SceneDelegate.swift */; };
		CCA0ECCD264FA7A4001CC563 /* Main.storyboard in Resources */ = {isa = PBXBuildFile; fileRef = CCA0ECCB264FA7A4001CC563 /* Main.storyboard */; };
		CCA0ECCF264FA7A6001CC563 /* Assets.xcassets in Resources */ = {isa = PBXBuildFile; fileRef = CCA0ECCE264FA7A6001CC563 /* Assets.xcassets */; };
		CCA0ECD2264FA7A6001CC563 /* LaunchScreen.storyboard in Resources */ = {isa = PBXBuildFile; fileRef = CCA0ECD0264FA7A6001CC563 /* LaunchScreen.storyboard */; };
		CCA0ECDC264FA7DB001CC563 /* Then in Frameworks */ = {isa = PBXBuildFile; productRef = CCA0ECDB264FA7DB001CC563 /* Then */; };
		CCA0ECE0264FA7EE001CC563 /* SnapKit in Frameworks */ = {isa = PBXBuildFile; productRef = CCA0ECDF264FA7EE001CC563 /* SnapKit */; };
		CCAA9A21264FAB8A008E50BF /* Georaeso.storyboard in Resources */ = {isa = PBXBuildFile; fileRef = CCAA9A20264FAB8A008E50BF /* Georaeso.storyboard */; };
		CCAA9A24264FAB95008E50BF /* Popup.storyboard in Resources */ = {isa = PBXBuildFile; fileRef = CCAA9A23264FAB95008E50BF /* Popup.storyboard */; };
		CCAA9A27264FABB0008E50BF /* My.storyboard in Resources */ = {isa = PBXBuildFile; fileRef = CCAA9A26264FABB0008E50BF /* My.storyboard */; };
		CCAA9A2B264FACDD008E50BF /* UIColor+.swift in Sources */ = {isa = PBXBuildFile; fileRef = CCAA9A2A264FACDD008E50BF /* UIColor+.swift */; };
		CCAA9A2E264FAEB9008E50BF /* CALayer+.swift in Sources */ = {isa = PBXBuildFile; fileRef = CCAA9A2D264FAEB9008E50BF /* CALayer+.swift */; };
		CCAA9A34264FAF68008E50BF /* UIView+.swift in Sources */ = {isa = PBXBuildFile; fileRef = CCAA9A33264FAF68008E50BF /* UIView+.swift */; };
/* End PBXBuildFile section */

/* Begin PBXFileReference section */
		3E2F6097EABAAACC664AB52A /* Pods-Coinone-iOS.debug.xcconfig */ = {isa = PBXFileReference; includeInIndex = 1; lastKnownFileType = text.xcconfig; name = "Pods-Coinone-iOS.debug.xcconfig"; path = "Target Support Files/Pods-Coinone-iOS/Pods-Coinone-iOS.debug.xcconfig"; sourceTree = "<group>"; };
		4BA5E0330054E48E147B52CA /* Pods-Coinone-iOS.release.xcconfig */ = {isa = PBXFileReference; includeInIndex = 1; lastKnownFileType = text.xcconfig; name = "Pods-Coinone-iOS.release.xcconfig"; path = "Target Support Files/Pods-Coinone-iOS/Pods-Coinone-iOS.release.xcconfig"; sourceTree = "<group>"; };
		922E2321264FB40300F8ADA7 /* GeoraesoVC.swift */ = {isa = PBXFileReference; lastKnownFileType = sourcecode.swift; path = GeoraesoVC.swift; sourceTree = "<group>"; };
		92C9EE8E2650314C00E73641 /* StockTVC.swift */ = {isa = PBXFileReference; lastKnownFileType = sourcecode.swift; name = StockTVC.swift; path = "Coinone-iOS/Source/Cells/StockTVC.swift"; sourceTree = SOURCE_ROOT; };
		92C9EE952650609300E73641 /* StockModel.swift */ = {isa = PBXFileReference; lastKnownFileType = sourcecode.swift; path = StockModel.swift; sourceTree = "<group>"; };
		CCA0ECC2264FA7A4001CC563 /* Coinone-iOS.app */ = {isa = PBXFileReference; explicitFileType = wrapper.application; includeInIndex = 0; path = "Coinone-iOS.app"; sourceTree = BUILT_PRODUCTS_DIR; };
		CCA0ECC5264FA7A4001CC563 /* AppDelegate.swift */ = {isa = PBXFileReference; lastKnownFileType = sourcecode.swift; path = AppDelegate.swift; sourceTree = "<group>"; };
		CCA0ECC7264FA7A4001CC563 /* SceneDelegate.swift */ = {isa = PBXFileReference; lastKnownFileType = sourcecode.swift; path = SceneDelegate.swift; sourceTree = "<group>"; };
		CCA0ECCC264FA7A4001CC563 /* Base */ = {isa = PBXFileReference; lastKnownFileType = file.storyboard; name = Base; path = Base.lproj/Main.storyboard; sourceTree = "<group>"; };
		CCA0ECCE264FA7A6001CC563 /* Assets.xcassets */ = {isa = PBXFileReference; lastKnownFileType = folder.assetcatalog; name = Assets.xcassets; path = "Coinone-iOS/Resource/Assets.xcassets"; sourceTree = SOURCE_ROOT; };
		CCA0ECD1264FA7A6001CC563 /* Base */ = {isa = PBXFileReference; lastKnownFileType = file.storyboard; name = Base; path = Base.lproj/LaunchScreen.storyboard; sourceTree = "<group>"; };
		CCA0ECD3264FA7A6001CC563 /* Info.plist */ = {isa = PBXFileReference; lastKnownFileType = text.plist.xml; path = Info.plist; sourceTree = "<group>"; };
		CCAA9A20264FAB8A008E50BF /* Georaeso.storyboard */ = {isa = PBXFileReference; lastKnownFileType = file.storyboard; path = Georaeso.storyboard; sourceTree = "<group>"; };
		CCAA9A23264FAB95008E50BF /* Popup.storyboard */ = {isa = PBXFileReference; lastKnownFileType = file.storyboard; path = Popup.storyboard; sourceTree = "<group>"; };
		CCAA9A26264FABB0008E50BF /* My.storyboard */ = {isa = PBXFileReference; lastKnownFileType = file.storyboard; path = My.storyboard; sourceTree = "<group>"; };
		CCAA9A2A264FACDD008E50BF /* UIColor+.swift */ = {isa = PBXFileReference; lastKnownFileType = sourcecode.swift; path = "UIColor+.swift"; sourceTree = "<group>"; };
		CCAA9A2D264FAEB9008E50BF /* CALayer+.swift */ = {isa = PBXFileReference; lastKnownFileType = sourcecode.swift; path = "CALayer+.swift"; sourceTree = "<group>"; };
		CCAA9A33264FAF68008E50BF /* UIView+.swift */ = {isa = PBXFileReference; lastKnownFileType = sourcecode.swift; path = "UIView+.swift"; sourceTree = "<group>"; };
		E0AB500236EDF60103A408AE /* Pods_Coinone_iOS.framework */ = {isa = PBXFileReference; explicitFileType = wrapper.framework; includeInIndex = 0; path = Pods_Coinone_iOS.framework; sourceTree = BUILT_PRODUCTS_DIR; };
/* End PBXFileReference section */

/* Begin PBXFrameworksBuildPhase section */
		CCA0ECBF264FA7A4001CC563 /* Frameworks */ = {
			isa = PBXFrameworksBuildPhase;
			buildActionMask = 2147483647;
			files = (
				CCA0ECDC264FA7DB001CC563 /* Then in Frameworks */,
				CCA0ECE0264FA7EE001CC563 /* SnapKit in Frameworks */,
				06A1A45591145692DA4F18C7 /* Pods_Coinone_iOS.framework in Frameworks */,
			);
			runOnlyForDeploymentPostprocessing = 0;
		};
/* End PBXFrameworksBuildPhase section */

/* Begin PBXGroup section */
		922E231F264FB3D600F8ADA7 /* Source */ = {
			isa = PBXGroup;
			children = (
				92C9EE942650607500E73641 /* Models */,
				92C9EE8D2650313500E73641 /* Cells */,
				922E2320264FB3E600F8ADA7 /* ViewControllers */,
			);
			path = Source;
			sourceTree = "<group>";
		};
		922E2320264FB3E600F8ADA7 /* ViewControllers */ = {
			isa = PBXGroup;
			children = (
				922E2321264FB40300F8ADA7 /* GeoraesoVC.swift */,
			);
			path = ViewControllers;
			sourceTree = "<group>";
		};
		92C9EE8D2650313500E73641 /* Cells */ = {
			isa = PBXGroup;
			children = (
				92C9EE8E2650314C00E73641 /* StockTVC.swift */,
			);
			path = Cells;
			sourceTree = "<group>";
		};
		92C9EE942650607500E73641 /* Models */ = {
			isa = PBXGroup;
			children = (
				92C9EE952650609300E73641 /* StockModel.swift */,
			);
			path = Models;
			sourceTree = "<group>";
		};
		CCA0ECB9264FA7A4001CC563 = {
			isa = PBXGroup;
			children = (
				CCA0ECC4264FA7A4001CC563 /* Coinone-iOS */,
				CCA0ECC3264FA7A4001CC563 /* Products */,
				EF1C46DFA43D97E614183595 /* Pods */,
				ED714A03D33751BE4D1F86CA /* Frameworks */,
			);
			sourceTree = "<group>";
		};
		CCA0ECC3264FA7A4001CC563 /* Products */ = {
			isa = PBXGroup;
			children = (
				CCA0ECC2264FA7A4001CC563 /* Coinone-iOS.app */,
			);
			name = Products;
			sourceTree = "<group>";
		};
		CCA0ECC4264FA7A4001CC563 /* Coinone-iOS */ = {
			isa = PBXGroup;
			children = (
				922E231F264FB3D600F8ADA7 /* Source */,
				CCAA9A1D264FAA2A008E50BF /* Resource */,
				CCA0ECD0264FA7A6001CC563 /* LaunchScreen.storyboard */,
			);
			path = "Coinone-iOS";
			sourceTree = "<group>";
		};
		CCAA9A1D264FAA2A008E50BF /* Resource */ = {
			isa = PBXGroup;
			children = (
				CCA0ECC5264FA7A4001CC563 /* AppDelegate.swift */,
				CCA0ECC7264FA7A4001CC563 /* SceneDelegate.swift */,
				CCAA9A29264FACC9008E50BF /* Extensions */,
				CCAA9A1F264FAA7B008E50BF /* Storyboards */,
				CCA0ECCE264FA7A6001CC563 /* Assets.xcassets */,
				CCA0ECD3264FA7A6001CC563 /* Info.plist */,
			);
			path = Resource;
			sourceTree = "<group>";
		};
		CCAA9A1F264FAA7B008E50BF /* Storyboards */ = {
			isa = PBXGroup;
			children = (
				CCA0ECCB264FA7A4001CC563 /* Main.storyboard */,
				CCAA9A20264FAB8A008E50BF /* Georaeso.storyboard */,
				CCAA9A23264FAB95008E50BF /* Popup.storyboard */,
				CCAA9A26264FABB0008E50BF /* My.storyboard */,
			);
			path = Storyboards;
			sourceTree = "<group>";
		};
		CCAA9A29264FACC9008E50BF /* Extensions */ = {
			isa = PBXGroup;
			children = (
				CCAA9A2A264FACDD008E50BF /* UIColor+.swift */,
				CCAA9A2D264FAEB9008E50BF /* CALayer+.swift */,
				CCAA9A33264FAF68008E50BF /* UIView+.swift */,
			);
			path = Extensions;
			sourceTree = "<group>";
		};
		ED714A03D33751BE4D1F86CA /* Frameworks */ = {
			isa = PBXGroup;
			children = (
				E0AB500236EDF60103A408AE /* Pods_Coinone_iOS.framework */,
			);
			name = Frameworks;
			sourceTree = "<group>";
		};
		EF1C46DFA43D97E614183595 /* Pods */ = {
			isa = PBXGroup;
			children = (
				3E2F6097EABAAACC664AB52A /* Pods-Coinone-iOS.debug.xcconfig */,
				4BA5E0330054E48E147B52CA /* Pods-Coinone-iOS.release.xcconfig */,
			);
			path = Pods;
			sourceTree = "<group>";
		};
/* End PBXGroup section */

/* Begin PBXNativeTarget section */
		CCA0ECC1264FA7A4001CC563 /* Coinone-iOS */ = {
			isa = PBXNativeTarget;
			buildConfigurationList = CCA0ECD6264FA7A6001CC563 /* Build configuration list for PBXNativeTarget "Coinone-iOS" */;
			buildPhases = (
				0B9CFAF4ACA71465F786D842 /* [CP] Check Pods Manifest.lock */,
				CCA0ECBE264FA7A4001CC563 /* Sources */,
				CCA0ECBF264FA7A4001CC563 /* Frameworks */,
				CCA0ECC0264FA7A4001CC563 /* Resources */,
				55B4A0581EAA931922178EB7 /* [CP] Embed Pods Frameworks */,
			);
			buildRules = (
			);
			dependencies = (
			);
			name = "Coinone-iOS";
			packageProductDependencies = (
				CCA0ECDB264FA7DB001CC563 /* Then */,
				CCA0ECDF264FA7EE001CC563 /* SnapKit */,
			);
			productName = "Coinone-iOS";
			productReference = CCA0ECC2264FA7A4001CC563 /* Coinone-iOS.app */;
			productType = "com.apple.product-type.application";
		};
/* End PBXNativeTarget section */

/* Begin PBXProject section */
		CCA0ECBA264FA7A4001CC563 /* Project object */ = {
			isa = PBXProject;
			attributes = {
				LastSwiftUpdateCheck = 1230;
				LastUpgradeCheck = 1230;
				TargetAttributes = {
					CCA0ECC1264FA7A4001CC563 = {
						CreatedOnToolsVersion = 12.3;
					};
				};
			};
			buildConfigurationList = CCA0ECBD264FA7A4001CC563 /* Build configuration list for PBXProject "Coinone-iOS" */;
			compatibilityVersion = "Xcode 9.3";
			developmentRegion = en;
			hasScannedForEncodings = 0;
			knownRegions = (
				en,
				Base,
			);
			mainGroup = CCA0ECB9264FA7A4001CC563;
			packageReferences = (
				CCA0ECDA264FA7DB001CC563 /* XCRemoteSwiftPackageReference "Then" */,
				CCA0ECDE264FA7EE001CC563 /* XCRemoteSwiftPackageReference "SnapKit" */,
			);
			productRefGroup = CCA0ECC3264FA7A4001CC563 /* Products */;
			projectDirPath = "";
			projectRoot = "";
			targets = (
				CCA0ECC1264FA7A4001CC563 /* Coinone-iOS */,
			);
		};
/* End PBXProject section */

/* Begin PBXResourcesBuildPhase section */
		CCA0ECC0264FA7A4001CC563 /* Resources */ = {
			isa = PBXResourcesBuildPhase;
			buildActionMask = 2147483647;
			files = (
				CCAA9A27264FABB0008E50BF /* My.storyboard in Resources */,
				CCA0ECD2264FA7A6001CC563 /* LaunchScreen.storyboard in Resources */,
				CCA0ECCF264FA7A6001CC563 /* Assets.xcassets in Resources */,
				CCA0ECCD264FA7A4001CC563 /* Main.storyboard in Resources */,
				CCAA9A21264FAB8A008E50BF /* Georaeso.storyboard in Resources */,
				CCAA9A24264FAB95008E50BF /* Popup.storyboard in Resources */,
			);
			runOnlyForDeploymentPostprocessing = 0;
		};
/* End PBXResourcesBuildPhase section */

/* Begin PBXShellScriptBuildPhase section */
		0B9CFAF4ACA71465F786D842 /* [CP] Check Pods Manifest.lock */ = {
			isa = PBXShellScriptBuildPhase;
			buildActionMask = 2147483647;
			files = (
			);
			inputFileListPaths = (
			);
			inputPaths = (
				"${PODS_PODFILE_DIR_PATH}/Podfile.lock",
				"${PODS_ROOT}/Manifest.lock",
			);
			name = "[CP] Check Pods Manifest.lock";
			outputFileListPaths = (
			);
			outputPaths = (
				"$(DERIVED_FILE_DIR)/Pods-Coinone-iOS-checkManifestLockResult.txt",
			);
			runOnlyForDeploymentPostprocessing = 0;
			shellPath = /bin/sh;
			shellScript = "diff \"${PODS_PODFILE_DIR_PATH}/Podfile.lock\" \"${PODS_ROOT}/Manifest.lock\" > /dev/null\nif [ $? != 0 ] ; then\n    # print error to STDERR\n    echo \"error: The sandbox is not in sync with the Podfile.lock. Run 'pod install' or update your CocoaPods installation.\" >&2\n    exit 1\nfi\n# This output is used by Xcode 'outputs' to avoid re-running this script phase.\necho \"SUCCESS\" > \"${SCRIPT_OUTPUT_FILE_0}\"\n";
			showEnvVarsInLog = 0;
		};
		55B4A0581EAA931922178EB7 /* [CP] Embed Pods Frameworks */ = {
			isa = PBXShellScriptBuildPhase;
			buildActionMask = 2147483647;
			files = (
			);
			inputFileListPaths = (
				"${PODS_ROOT}/Target Support Files/Pods-Coinone-iOS/Pods-Coinone-iOS-frameworks-${CONFIGURATION}-input-files.xcfilelist",
			);
			name = "[CP] Embed Pods Frameworks";
			outputFileListPaths = (
				"${PODS_ROOT}/Target Support Files/Pods-Coinone-iOS/Pods-Coinone-iOS-frameworks-${CONFIGURATION}-output-files.xcfilelist",
			);
			runOnlyForDeploymentPostprocessing = 0;
			shellPath = /bin/sh;
			shellScript = "\"${PODS_ROOT}/Target Support Files/Pods-Coinone-iOS/Pods-Coinone-iOS-frameworks.sh\"\n";
			showEnvVarsInLog = 0;
		};
/* End PBXShellScriptBuildPhase section */

/* Begin PBXSourcesBuildPhase section */
		CCA0ECBE264FA7A4001CC563 /* Sources */ = {
			isa = PBXSourcesBuildPhase;
			buildActionMask = 2147483647;
			files = (
				CCAA9A34264FAF68008E50BF /* UIView+.swift in Sources */,
				CCAA9A2B264FACDD008E50BF /* UIColor+.swift in Sources */,
				92C9EE962650609300E73641 /* StockModel.swift in Sources */,
				922E2322264FB40300F8ADA7 /* GeoraesoVC.swift in Sources */,
				CCA0ECC6264FA7A4001CC563 /* AppDelegate.swift in Sources */,
				92C9EE8F2650314C00E73641 /* StockTVC.swift in Sources */,
				CCAA9A2E264FAEB9008E50BF /* CALayer+.swift in Sources */,
				CCA0ECC8264FA7A4001CC563 /* SceneDelegate.swift in Sources */,
			);
			runOnlyForDeploymentPostprocessing = 0;
		};
/* End PBXSourcesBuildPhase section */

/* Begin PBXVariantGroup section */
		CCA0ECCB264FA7A4001CC563 /* Main.storyboard */ = {
			isa = PBXVariantGroup;
			children = (
				CCA0ECCC264FA7A4001CC563 /* Base */,
			);
			name = Main.storyboard;
			sourceTree = "<group>";
		};
		CCA0ECD0264FA7A6001CC563 /* LaunchScreen.storyboard */ = {
			isa = PBXVariantGroup;
			children = (
				CCA0ECD1264FA7A6001CC563 /* Base */,
			);
			name = LaunchScreen.storyboard;
			sourceTree = "<group>";
		};
/* End PBXVariantGroup section */

/* Begin XCBuildConfiguration section */
		CCA0ECD4264FA7A6001CC563 /* Debug */ = {
			isa = XCBuildConfiguration;
			buildSettings = {
				ALWAYS_SEARCH_USER_PATHS = NO;
				CLANG_ANALYZER_NONNULL = YES;
				CLANG_ANALYZER_NUMBER_OBJECT_CONVERSION = YES_AGGRESSIVE;
				CLANG_CXX_LANGUAGE_STANDARD = "gnu++14";
				CLANG_CXX_LIBRARY = "libc++";
				CLANG_ENABLE_MODULES = YES;
				CLANG_ENABLE_OBJC_ARC = YES;
				CLANG_ENABLE_OBJC_WEAK = YES;
				CLANG_WARN_BLOCK_CAPTURE_AUTORELEASING = YES;
				CLANG_WARN_BOOL_CONVERSION = YES;
				CLANG_WARN_COMMA = YES;
				CLANG_WARN_CONSTANT_CONVERSION = YES;
				CLANG_WARN_DEPRECATED_OBJC_IMPLEMENTATIONS = YES;
				CLANG_WARN_DIRECT_OBJC_ISA_USAGE = YES_ERROR;
				CLANG_WARN_DOCUMENTATION_COMMENTS = YES;
				CLANG_WARN_EMPTY_BODY = YES;
				CLANG_WARN_ENUM_CONVERSION = YES;
				CLANG_WARN_INFINITE_RECURSION = YES;
				CLANG_WARN_INT_CONVERSION = YES;
				CLANG_WARN_NON_LITERAL_NULL_CONVERSION = YES;
				CLANG_WARN_OBJC_IMPLICIT_RETAIN_SELF = YES;
				CLANG_WARN_OBJC_LITERAL_CONVERSION = YES;
				CLANG_WARN_OBJC_ROOT_CLASS = YES_ERROR;
				CLANG_WARN_QUOTED_INCLUDE_IN_FRAMEWORK_HEADER = YES;
				CLANG_WARN_RANGE_LOOP_ANALYSIS = YES;
				CLANG_WARN_STRICT_PROTOTYPES = YES;
				CLANG_WARN_SUSPICIOUS_MOVE = YES;
				CLANG_WARN_UNGUARDED_AVAILABILITY = YES_AGGRESSIVE;
				CLANG_WARN_UNREACHABLE_CODE = YES;
				CLANG_WARN__DUPLICATE_METHOD_MATCH = YES;
				COPY_PHASE_STRIP = NO;
				DEBUG_INFORMATION_FORMAT = dwarf;
				ENABLE_STRICT_OBJC_MSGSEND = YES;
				ENABLE_TESTABILITY = YES;
				GCC_C_LANGUAGE_STANDARD = gnu11;
				GCC_DYNAMIC_NO_PIC = NO;
				GCC_NO_COMMON_BLOCKS = YES;
				GCC_OPTIMIZATION_LEVEL = 0;
				GCC_PREPROCESSOR_DEFINITIONS = (
					"DEBUG=1",
					"$(inherited)",
				);
				GCC_WARN_64_TO_32_BIT_CONVERSION = YES;
				GCC_WARN_ABOUT_RETURN_TYPE = YES_ERROR;
				GCC_WARN_UNDECLARED_SELECTOR = YES;
				GCC_WARN_UNINITIALIZED_AUTOS = YES_AGGRESSIVE;
				GCC_WARN_UNUSED_FUNCTION = YES;
				GCC_WARN_UNUSED_VARIABLE = YES;
				IPHONEOS_DEPLOYMENT_TARGET = 14.3;
				MTL_ENABLE_DEBUG_INFO = INCLUDE_SOURCE;
				MTL_FAST_MATH = YES;
				ONLY_ACTIVE_ARCH = YES;
				SDKROOT = iphoneos;
				SWIFT_ACTIVE_COMPILATION_CONDITIONS = DEBUG;
				SWIFT_OPTIMIZATION_LEVEL = "-Onone";
			};
			name = Debug;
		};
		CCA0ECD5264FA7A6001CC563 /* Release */ = {
			isa = XCBuildConfiguration;
			buildSettings = {
				ALWAYS_SEARCH_USER_PATHS = NO;
				CLANG_ANALYZER_NONNULL = YES;
				CLANG_ANALYZER_NUMBER_OBJECT_CONVERSION = YES_AGGRESSIVE;
				CLANG_CXX_LANGUAGE_STANDARD = "gnu++14";
				CLANG_CXX_LIBRARY = "libc++";
				CLANG_ENABLE_MODULES = YES;
				CLANG_ENABLE_OBJC_ARC = YES;
				CLANG_ENABLE_OBJC_WEAK = YES;
				CLANG_WARN_BLOCK_CAPTURE_AUTORELEASING = YES;
				CLANG_WARN_BOOL_CONVERSION = YES;
				CLANG_WARN_COMMA = YES;
				CLANG_WARN_CONSTANT_CONVERSION = YES;
				CLANG_WARN_DEPRECATED_OBJC_IMPLEMENTATIONS = YES;
				CLANG_WARN_DIRECT_OBJC_ISA_USAGE = YES_ERROR;
				CLANG_WARN_DOCUMENTATION_COMMENTS = YES;
				CLANG_WARN_EMPTY_BODY = YES;
				CLANG_WARN_ENUM_CONVERSION = YES;
				CLANG_WARN_INFINITE_RECURSION = YES;
				CLANG_WARN_INT_CONVERSION = YES;
				CLANG_WARN_NON_LITERAL_NULL_CONVERSION = YES;
				CLANG_WARN_OBJC_IMPLICIT_RETAIN_SELF = YES;
				CLANG_WARN_OBJC_LITERAL_CONVERSION = YES;
				CLANG_WARN_OBJC_ROOT_CLASS = YES_ERROR;
				CLANG_WARN_QUOTED_INCLUDE_IN_FRAMEWORK_HEADER = YES;
				CLANG_WARN_RANGE_LOOP_ANALYSIS = YES;
				CLANG_WARN_STRICT_PROTOTYPES = YES;
				CLANG_WARN_SUSPICIOUS_MOVE = YES;
				CLANG_WARN_UNGUARDED_AVAILABILITY = YES_AGGRESSIVE;
				CLANG_WARN_UNREACHABLE_CODE = YES;
				CLANG_WARN__DUPLICATE_METHOD_MATCH = YES;
				COPY_PHASE_STRIP = NO;
				DEBUG_INFORMATION_FORMAT = "dwarf-with-dsym";
				ENABLE_NS_ASSERTIONS = NO;
				ENABLE_STRICT_OBJC_MSGSEND = YES;
				GCC_C_LANGUAGE_STANDARD = gnu11;
				GCC_NO_COMMON_BLOCKS = YES;
				GCC_WARN_64_TO_32_BIT_CONVERSION = YES;
				GCC_WARN_ABOUT_RETURN_TYPE = YES_ERROR;
				GCC_WARN_UNDECLARED_SELECTOR = YES;
				GCC_WARN_UNINITIALIZED_AUTOS = YES_AGGRESSIVE;
				GCC_WARN_UNUSED_FUNCTION = YES;
				GCC_WARN_UNUSED_VARIABLE = YES;
				IPHONEOS_DEPLOYMENT_TARGET = 14.3;
				MTL_ENABLE_DEBUG_INFO = NO;
				MTL_FAST_MATH = YES;
				SDKROOT = iphoneos;
				SWIFT_COMPILATION_MODE = wholemodule;
				SWIFT_OPTIMIZATION_LEVEL = "-O";
				VALIDATE_PRODUCT = YES;
			};
			name = Release;
		};
		CCA0ECD7264FA7A6001CC563 /* Debug */ = {
			isa = XCBuildConfiguration;
			baseConfigurationReference = 3E2F6097EABAAACC664AB52A /* Pods-Coinone-iOS.debug.xcconfig */;
			buildSettings = {
				ASSETCATALOG_COMPILER_APPICON_NAME = AppIcon;
				ASSETCATALOG_COMPILER_GLOBAL_ACCENT_COLOR_NAME = AccentColor;
				CODE_SIGN_STYLE = Automatic;
				DEVELOPMENT_TEAM = QS42RPKQCD;
				INFOPLIST_FILE = "Coinone-iOS/Resource/Info.plist";
				LD_RUNPATH_SEARCH_PATHS = (
					"$(inherited)",
					"@executable_path/Frameworks",
				);
				PRODUCT_BUNDLE_IDENTIFIER = "ryan.Coinone-iOS";
				PRODUCT_NAME = "$(TARGET_NAME)";
				SWIFT_VERSION = 5.0;
				TARGETED_DEVICE_FAMILY = "1,2";
			};
			name = Debug;
		};
		CCA0ECD8264FA7A6001CC563 /* Release */ = {
			isa = XCBuildConfiguration;
			baseConfigurationReference = 4BA5E0330054E48E147B52CA /* Pods-Coinone-iOS.release.xcconfig */;
			buildSettings = {
				ASSETCATALOG_COMPILER_APPICON_NAME = AppIcon;
				ASSETCATALOG_COMPILER_GLOBAL_ACCENT_COLOR_NAME = AccentColor;
				CODE_SIGN_STYLE = Automatic;
				DEVELOPMENT_TEAM = QS42RPKQCD;
				INFOPLIST_FILE = "Coinone-iOS/Resource/Info.plist";
				LD_RUNPATH_SEARCH_PATHS = (
					"$(inherited)",
					"@executable_path/Frameworks",
				);
				PRODUCT_BUNDLE_IDENTIFIER = "ryan.Coinone-iOS";
				PRODUCT_NAME = "$(TARGET_NAME)";
				SWIFT_VERSION = 5.0;
				TARGETED_DEVICE_FAMILY = "1,2";
			};
			name = Release;
		};
/* End XCBuildConfiguration section */

/* Begin XCConfigurationList section */
		CCA0ECBD264FA7A4001CC563 /* Build configuration list for PBXProject "Coinone-iOS" */ = {
			isa = XCConfigurationList;
			buildConfigurations = (
				CCA0ECD4264FA7A6001CC563 /* Debug */,
				CCA0ECD5264FA7A6001CC563 /* Release */,
			);
			defaultConfigurationIsVisible = 0;
			defaultConfigurationName = Release;
		};
		CCA0ECD6264FA7A6001CC563 /* Build configuration list for PBXNativeTarget "Coinone-iOS" */ = {
			isa = XCConfigurationList;
			buildConfigurations = (
				CCA0ECD7264FA7A6001CC563 /* Debug */,
				CCA0ECD8264FA7A6001CC563 /* Release */,
			);
			defaultConfigurationIsVisible = 0;
			defaultConfigurationName = Release;
		};
/* End XCConfigurationList section */

/* Begin XCRemoteSwiftPackageReference section */
		CCA0ECDA264FA7DB001CC563 /* XCRemoteSwiftPackageReference "Then" */ = {
			isa = XCRemoteSwiftPackageReference;
			repositoryURL = "https://github.com/devxoul/Then";
			requirement = {
				kind = upToNextMajorVersion;
				minimumVersion = 2.7.0;
			};
		};
		CCA0ECDE264FA7EE001CC563 /* XCRemoteSwiftPackageReference "SnapKit" */ = {
			isa = XCRemoteSwiftPackageReference;
			repositoryURL = "https://github.com/SnapKit/SnapKit";
			requirement = {
				kind = upToNextMajorVersion;
				minimumVersion = 5.0.1;
			};
		};
/* End XCRemoteSwiftPackageReference section */

/* Begin XCSwiftPackageProductDependency section */
		CCA0ECDB264FA7DB001CC563 /* Then */ = {
			isa = XCSwiftPackageProductDependency;
			package = CCA0ECDA264FA7DB001CC563 /* XCRemoteSwiftPackageReference "Then" */;
			productName = Then;
		};
		CCA0ECDF264FA7EE001CC563 /* SnapKit */ = {
			isa = XCSwiftPackageProductDependency;
			package = CCA0ECDE264FA7EE001CC563 /* XCRemoteSwiftPackageReference "SnapKit" */;
			productName = SnapKit;
		};
/* End XCSwiftPackageProductDependency section */
	};
	rootObject = CCA0ECBA264FA7A4001CC563 /* Project object */;
}
